
Microsoft Visual Studio Solution File, Format Version 12.00
#
Project("{FAE04EC0-301F-11D3-BF4B-00C04F79EFBC}") = "Hotfix", "Hotfix\Hotfix.csproj", "{8A63C258-07FD-45DC-BE10-45CE00A23811}"
EndProject
<<<<<<< HEAD
=======
Project("{FAE04EC0-301F-11D3-BF4B-00C04F79EFBC}") = "Fantasy.Hotfix", "Hotfix\Fantasy.Hotfix.csproj", "{8A63C258-07FD-45DC-BE10-45CE00A23811}"
EndProject
>>>>>>> origin/main
Project("{FAE04EC0-301F-11D3-BF4B-00C04F79EFBC}") = "Fantasy.Net", "..\..\..\Fantasy.Net\Fantasy.Net.csproj", "{54F37101-B54B-4DF8-814B-E2AF3FC53856}"
EndProject
Project("{FAE04EC0-301F-11D3-BF4B-00C04F79EFBC}") = "UnityEngine", "UnityEngine\UnityEngine.csproj", "{0D943D15-1B40-4970-9FAA-E4F66A1BD817}"
EndProject
Project("{2150E333-8FDC-42A3-9474-1A3956D46DE8}") = "Plugins", "Plugins", "{E23923AD-60E0-4FEE-8402-1141B2A707C5}"
EndProject
Project("{FAE04EC0-301F-11D3-BF4B-00C04F79EFBC}") = "App", "App\App.csproj", "{0998267B-7D58-4151-B669-E7DE02AFDC94}"
EndProject
Global
	GlobalSection(SolutionConfigurationPlatforms) = preSolution
		Debug|Any CPU = Debug|Any CPU
		Release|Any CPU = Release|Any CPU
	EndGlobalSection
	GlobalSection(ProjectConfigurationPlatforms) = postSolution
		{8A63C258-07FD-45DC-BE10-45CE00A23811}.Debug|Any CPU.ActiveCfg = Debug|Any CPU
		{8A63C258-07FD-45DC-BE10-45CE00A23811}.Debug|Any CPU.Build.0 = Debug|Any CPU
		{8A63C258-07FD-45DC-BE10-45CE00A23811}.Release|Any CPU.ActiveCfg = Release|Any CPU
		{8A63C258-07FD-45DC-BE10-45CE00A23811}.Release|Any CPU.Build.0 = Release|Any CPU
		{54F37101-B54B-4DF8-814B-E2AF3FC53856}.Debug|Any CPU.ActiveCfg = Debug|Any CPU
		{54F37101-B54B-4DF8-814B-E2AF3FC53856}.Debug|Any CPU.Build.0 = Debug|Any CPU
		{54F37101-B54B-4DF8-814B-E2AF3FC53856}.Release|Any CPU.ActiveCfg = Release|Any CPU
		{54F37101-B54B-4DF8-814B-E2AF3FC53856}.Release|Any CPU.Build.0 = Release|Any CPU
		{0D943D15-1B40-4970-9FAA-E4F66A1BD817}.Debug|Any CPU.ActiveCfg = Debug|Any CPU
		{0D943D15-1B40-4970-9FAA-E4F66A1BD817}.Debug|Any CPU.Build.0 = Debug|Any CPU
		{0D943D15-1B40-4970-9FAA-E4F66A1BD817}.Release|Any CPU.ActiveCfg = Release|Any CPU
		{0D943D15-1B40-4970-9FAA-E4F66A1BD817}.Release|Any CPU.Build.0 = Release|Any CPU
		{0998267B-7D58-4151-B669-E7DE02AFDC94}.Debug|Any CPU.ActiveCfg = Debug|Any CPU
		{0998267B-7D58-4151-B669-E7DE02AFDC94}.Debug|Any CPU.Build.0 = Debug|Any CPU
		{0998267B-7D58-4151-B669-E7DE02AFDC94}.Release|Any CPU.ActiveCfg = Release|Any CPU
		{0998267B-7D58-4151-B669-E7DE02AFDC94}.Release|Any CPU.Build.0 = Release|Any CPU
	EndGlobalSection
	GlobalSection(NestedProjects) = preSolution
		{0D943D15-1B40-4970-9FAA-E4F66A1BD817} = {E23923AD-60E0-4FEE-8402-1141B2A707C5}
		{54F37101-B54B-4DF8-814B-E2AF3FC53856} = {E23923AD-60E0-4FEE-8402-1141B2A707C5}
	EndGlobalSection
EndGlobal
