
Microsoft Visual Studio Solution File, Format Version 12.00
Project("{2150E333-8FDC-42A3-9474-1A3956D46DE8}") = "NuGet", "NuGet", "{83FB151F-5881-4757-9505-8B70B8C38AA3}"
EndProject
Project("{FAE04EC0-301F-11D3-BF4B-00C04F79EFBC}") = "Fantasy.Config", "Fantasy.Packages\Fantasy.Config\Fantasy.Config.csproj", "{BAB58713-49A4-4F34-AE69-333AA1F19DC9}"
EndProject
Project("{FAE04EC0-301F-11D3-BF4B-00C04F79EFBC}") = "Fantasy.ConfigTable", "Fantasy.Packages\Fantasy.ConfigTable\Net\Fantasy.ConfigTable.csproj", "{B7383D00-BCF9-4F1B-A79A-6C11DB324237}"
EndProject
Project("{FAE04EC0-301F-11D3-BF4B-00C04F79EFBC}") = "Fantasy.NLog", "Fantasy.Packages\Fantasy.NLog\Fantasy.NLog.csproj", "{138EF56B-7154-4656-B55C-30429A68DCC8}"
EndProject
Project("{FAE04EC0-301F-11D3-BF4B-00C04F79EFBC}") = "Fantasy.Tools.ExporterConfigTable", "Tools\NuGet\Fantasy.Tools.ExporterConfigTable\Fantasy.Tools.ExporterConfigTable.csproj", "{0BC5E44D-A515-4776-B42D-4872E40194B7}"
EndProject
Project("{FAE04EC0-301F-11D3-BF4B-00C04F79EFBC}") = "Fantasy.Tools.ExporterNetworkProtocol", "Tools\NuGet\Fantasy.Tools.ExporterNetworkProtocol\Fantasy.Tools.ExporterNetworkProtocol.csproj", "{5D780C1D-0505-4CF0-925C-1373DCFCBA58}"
EndProject
Project("{FAE04EC0-301F-11D3-BF4B-00C04F79EFBC}") = "Fantasy.Net", "Fantasy.Net\Fantasy.Net\Fantasy.Net.csproj", "{4782A7D1-2B43-48DD-AF50-EDC773436E20}"
EndProject
Project("{FAE04EC0-301F-11D3-BF4B-00C04F79EFBC}") = "Fantasy.Console", "Fantays.Console\Fantasy.Console.csproj", "{4E463740-00D2-4B4F-AC5B-A09B24487D35}"
EndProject
Project("{2150E333-8FDC-42A3-9474-1A3956D46DE8}") = "Tools", "Tools", "{0CEB6A4D-8CE9-4EA7-A918-61FA62D6F6F0}"
EndProject
Project("{FAE04EC0-301F-11D3-BF4B-00C04F79EFBC}") = "Fantasy.Tools.ConfigTable", "Tools\SourceCode\Fantasy.Tools.ConfigTable\Fantasy.Tools.ConfigTable.csproj", "{A93DFC08-E57F-4BBF-BAAA-18FDB458D515}"
EndProject
Project("{FAE04EC0-301F-11D3-BF4B-00C04F79EFBC}") = "Fantasy.Tools.NetworkProtocol", "Tools\SourceCode\Fantasy.Tools.NetworkProtocol\Fantasy.Tools.NetworkProtocol.csproj", "{1951BC8A-0B3E-42F8-950B-DC142988B225}"
EndProject
Project("{FAE04EC0-301F-11D3-BF4B-00C04F79EFBC}") = "Fantasy.Benchmark", "Fantasy.Benchmark\Fantasy.Benchmark.csproj", "{C228C5CC-81B9-4323-B4BD-F3C1FB129676}"
EndProject
Global
	GlobalSection(SolutionConfigurationPlatforms) = preSolution
		Debug|Any CPU = Debug|Any CPU
		Release|Any CPU = Release|Any CPU
	EndGlobalSection
	GlobalSection(NestedProjects) = preSolution
		{BAB58713-49A4-4F34-AE69-333AA1F19DC9} = {83FB151F-5881-4757-9505-8B70B8C38AA3}
		{B7383D00-BCF9-4F1B-A79A-6C11DB324237} = {83FB151F-5881-4757-9505-8B70B8C38AA3}
		{138EF56B-7154-4656-B55C-30429A68DCC8} = {83FB151F-5881-4757-9505-8B70B8C38AA3}
		{0BC5E44D-A515-4776-B42D-4872E40194B7} = {83FB151F-5881-4757-9505-8B70B8C38AA3}
		{5D780C1D-0505-4CF0-925C-1373DCFCBA58} = {83FB151F-5881-4757-9505-8B70B8C38AA3}
		{A93DFC08-E57F-4BBF-BAAA-18FDB458D515} = {0CEB6A4D-8CE9-4EA7-A918-61FA62D6F6F0}
		{1951BC8A-0B3E-42F8-950B-DC142988B225} = {0CEB6A4D-8CE9-4EA7-A918-61FA62D6F6F0}
	EndGlobalSection
	GlobalSection(ProjectConfigurationPlatforms) = postSolution
		{BAB58713-49A4-4F34-AE69-333AA1F19DC9}.Debug|Any CPU.ActiveCfg = Debug|Any CPU
		{BAB58713-49A4-4F34-AE69-333AA1F19DC9}.Debug|Any CPU.Build.0 = Debug|Any CPU
		{BAB58713-49A4-4F34-AE69-333AA1F19DC9}.Release|Any CPU.ActiveCfg = Release|Any CPU
		{BAB58713-49A4-4F34-AE69-333AA1F19DC9}.Release|Any CPU.Build.0 = Release|Any CPU
		{B7383D00-BCF9-4F1B-A79A-6C11DB324237}.Debug|Any CPU.ActiveCfg = Debug|Any CPU
		{B7383D00-BCF9-4F1B-A79A-6C11DB324237}.Debug|Any CPU.Build.0 = Debug|Any CPU
		{B7383D00-BCF9-4F1B-A79A-6C11DB324237}.Release|Any CPU.ActiveCfg = Release|Any CPU
		{B7383D00-BCF9-4F1B-A79A-6C11DB324237}.Release|Any CPU.Build.0 = Release|Any CPU
		{138EF56B-7154-4656-B55C-30429A68DCC8}.Debug|Any CPU.ActiveCfg = Debug|Any CPU
		{138EF56B-7154-4656-B55C-30429A68DCC8}.Debug|Any CPU.Build.0 = Debug|Any CPU
		{138EF56B-7154-4656-B55C-30429A68DCC8}.Release|Any CPU.ActiveCfg = Release|Any CPU
		{138EF56B-7154-4656-B55C-30429A68DCC8}.Release|Any CPU.Build.0 = Release|Any CPU
		{0BC5E44D-A515-4776-B42D-4872E40194B7}.Debug|Any CPU.ActiveCfg = Debug|Any CPU
		{0BC5E44D-A515-4776-B42D-4872E40194B7}.Debug|Any CPU.Build.0 = Debug|Any CPU
		{0BC5E44D-A515-4776-B42D-4872E40194B7}.Release|Any CPU.ActiveCfg = Release|Any CPU
		{0BC5E44D-A515-4776-B42D-4872E40194B7}.Release|Any CPU.Build.0 = Release|Any CPU
		{5D780C1D-0505-4CF0-925C-1373DCFCBA58}.Debug|Any CPU.ActiveCfg = Debug|Any CPU
		{5D780C1D-0505-4CF0-925C-1373DCFCBA58}.Debug|Any CPU.Build.0 = Debug|Any CPU
		{5D780C1D-0505-4CF0-925C-1373DCFCBA58}.Release|Any CPU.ActiveCfg = Release|Any CPU
		{5D780C1D-0505-4CF0-925C-1373DCFCBA58}.Release|Any CPU.Build.0 = Release|Any CPU
		{4782A7D1-2B43-48DD-AF50-EDC773436E20}.Debug|Any CPU.ActiveCfg = Debug|Any CPU
		{4782A7D1-2B43-48DD-AF50-EDC773436E20}.Debug|Any CPU.Build.0 = Debug|Any CPU
		{4782A7D1-2B43-48DD-AF50-EDC773436E20}.Release|Any CPU.ActiveCfg = Release|Any CPU
		{4782A7D1-2B43-48DD-AF50-EDC773436E20}.Release|Any CPU.Build.0 = Release|Any CPU
		{4E463740-00D2-4B4F-AC5B-A09B24487D35}.Debug|Any CPU.ActiveCfg = Debug|Any CPU
		{4E463740-00D2-4B4F-AC5B-A09B24487D35}.Debug|Any CPU.Build.0 = Debug|Any CPU
		{4E463740-00D2-4B4F-AC5B-A09B24487D35}.Release|Any CPU.ActiveCfg = Release|Any CPU
		{4E463740-00D2-4B4F-AC5B-A09B24487D35}.Release|Any CPU.Build.0 = Release|Any CPU
		{A93DFC08-E57F-4BBF-BAAA-18FDB458D515}.Debug|Any CPU.ActiveCfg = Debug|Any CPU
		{A93DFC08-E57F-4BBF-BAAA-18FDB458D515}.Debug|Any CPU.Build.0 = Debug|Any CPU
		{A93DFC08-E57F-4BBF-BAAA-18FDB458D515}.Release|Any CPU.ActiveCfg = Release|Any CPU
		{A93DFC08-E57F-4BBF-BAAA-18FDB458D515}.Release|Any CPU.Build.0 = Release|Any CPU
		{1951BC8A-0B3E-42F8-950B-DC142988B225}.Debug|Any CPU.ActiveCfg = Debug|Any CPU
		{1951BC8A-0B3E-42F8-950B-DC142988B225}.Debug|Any CPU.Build.0 = Debug|Any CPU
		{1951BC8A-0B3E-42F8-950B-DC142988B225}.Release|Any CPU.ActiveCfg = Release|Any CPU
		{1951BC8A-0B3E-42F8-950B-DC142988B225}.Release|Any CPU.Build.0 = Release|Any CPU
		{C228C5CC-81B9-4323-B4BD-F3C1FB129676}.Debug|Any CPU.ActiveCfg = Debug|Any CPU
		{C228C5CC-81B9-4323-B4BD-F3C1FB129676}.Debug|Any CPU.Build.0 = Debug|Any CPU
		{C228C5CC-81B9-4323-B4BD-F3C1FB129676}.Release|Any CPU.ActiveCfg = Release|Any CPU
		{C228C5CC-81B9-4323-B4BD-F3C1FB129676}.Release|Any CPU.Build.0 = Release|Any CPU
	EndGlobalSection
EndGlobal
