
Microsoft Visual Studio Solution File, Format Version 12.00
Project("{2150E333-8FDC-42A3-9474-1A3956D46DE8}") = "Packages", "Packages", "{83FB151F-5881-4757-9505-8B70B8C38AA3}"
EndProject
Project("{FAE04EC0-301F-11D3-BF4B-00C04F79EFBC}") = "Fantasy.Net", "Fantasy.Packages\Fantasy.Net\Fantasy.Net.csproj", "{4782A7D1-2B43-48DD-AF50-EDC773436E20}"
EndProject
Project("{2150E333-8FDC-42A3-9474-1A3956D46DE8}") = "Tools", "Tools", "{0CEB6A4D-8CE9-4EA7-A918-61FA62D6F6F0}"
EndProject
Project("{FAE04EC0-301F-11D3-BF4B-00C04F79EFBC}") = "Fantasy.Cli", "Fantasy.Packages\Fantasy.Cil\Fantasy.Cli.csproj", "{9F4125F5-623E-4F01-9224-1F588934CEE3}"
EndProject
Project("{FAE04EC0-301F-11D3-BF4B-00C04F79EFBC}") = "Fantasy.SourceGenerator", "Fantasy.Packages\Fantasy.SourceGenerator\Fantasy.SourceGenerator.csproj", "{8BDFA905-DC83-4DAC-8B7A-123266545683}"
EndProject
Project("{FAE04EC0-301F-11D3-BF4B-00C04F79EFBC}") = "Fantasy.ProtocolEditor", "Fantasy.Packages\Fantasy.ProtocolEditor\Fantasy.ProtocolEditor.csproj", "{DE4A9C2B-304C-46C6-805F-583A8B165745}"
EndProject
Project("{FAE04EC0-301F-11D3-BF4B-00C04F79EFBC}") = "Fantasy.ProtocolExportTool", "Fantasy.Packages\Fantasy.ProtocolExportTool\Fantasy.ProtocolExportTool.csproj", "{2A5E83A1-CEE7-4DFF-B91F-CC84881BBA11}"
EndProject
Global
	GlobalSection(SolutionConfigurationPlatforms) = preSolution
		Debug|Any CPU = Debug|Any CPU
		Release|Any CPU = Release|Any CPU
	EndGlobalSection
	GlobalSection(NestedProjects) = preSolution
		{4782A7D1-2B43-48DD-AF50-EDC773436E20} = {83FB151F-5881-4757-9505-8B70B8C38AA3}
		{9F4125F5-623E-4F01-9224-1F588934CEE3} = {83FB151F-5881-4757-9505-8B70B8C38AA3}
		{8BDFA905-DC83-4DAC-8B7A-123266545683} = {83FB151F-5881-4757-9505-8B70B8C38AA3}
		{DE4A9C2B-304C-46C6-805F-583A8B165745} = {83FB151F-5881-4757-9505-8B70B8C38AA3}
		{2A5E83A1-CEE7-4DFF-B91F-CC84881BBA11} = {83FB151F-5881-4757-9505-8B70B8C38AA3}
	EndGlobalSection
	GlobalSection(ProjectConfigurationPlatforms) = postSolution
		{4782A7D1-2B43-48DD-AF50-EDC773436E20}.Debug|Any CPU.ActiveCfg = Debug|Any CPU
		{4782A7D1-2B43-48DD-AF50-EDC773436E20}.Debug|Any CPU.Build.0 = Debug|Any CPU
		{4782A7D1-2B43-48DD-AF50-EDC773436E20}.Release|Any CPU.ActiveCfg = Release|Any CPU
		{4782A7D1-2B43-48DD-AF50-EDC773436E20}.Release|Any CPU.Build.0 = Release|Any CPU
		{4E463740-00D2-4B4F-AC5B-A09B24487D35}.Debug|Any CPU.ActiveCfg = Debug|Any CPU
		{4E463740-00D2-4B4F-AC5B-A09B24487D35}.Debug|Any CPU.Build.0 = Debug|Any CPU
		{4E463740-00D2-4B4F-AC5B-A09B24487D35}.Release|Any CPU.ActiveCfg = Release|Any CPU
		{4E463740-00D2-4B4F-AC5B-A09B24487D35}.Release|Any CPU.Build.0 = Release|Any CPU
		{9F4125F5-623E-4F01-9224-1F588934CEE3}.Debug|Any CPU.ActiveCfg = Debug|Any CPU
		{9F4125F5-623E-4F01-9224-1F588934CEE3}.Debug|Any CPU.Build.0 = Debug|Any CPU
		{9F4125F5-623E-4F01-9224-1F588934CEE3}.Release|Any CPU.ActiveCfg = Release|Any CPU
		{9F4125F5-623E-4F01-9224-1F588934CEE3}.Release|Any CPU.Build.0 = Release|Any CPU
		{8BDFA905-DC83-4DAC-8B7A-123266545683}.Debug|Any CPU.ActiveCfg = Debug|Any CPU
		{8BDFA905-DC83-4DAC-8B7A-123266545683}.Debug|Any CPU.Build.0 = Debug|Any CPU
		{8BDFA905-DC83-4DAC-8B7A-123266545683}.Release|Any CPU.ActiveCfg = Release|Any CPU
		{8BDFA905-DC83-4DAC-8B7A-123266545683}.Release|Any CPU.Build.0 = Release|Any CPU
		{DE4A9C2B-304C-46C6-805F-583A8B165745}.Debug|Any CPU.ActiveCfg = Debug|Any CPU
		{DE4A9C2B-304C-46C6-805F-583A8B165745}.Debug|Any CPU.Build.0 = Debug|Any CPU
		{DE4A9C2B-304C-46C6-805F-583A8B165745}.Release|Any CPU.ActiveCfg = Release|Any CPU
		{DE4A9C2B-304C-46C6-805F-583A8B165745}.Release|Any CPU.Build.0 = Release|Any CPU
		{2A5E83A1-CEE7-4DFF-B91F-CC84881BBA11}.Debug|Any CPU.ActiveCfg = Debug|Any CPU
		{2A5E83A1-CEE7-4DFF-B91F-CC84881BBA11}.Debug|Any CPU.Build.0 = Debug|Any CPU
		{2A5E83A1-CEE7-4DFF-B91F-CC84881BBA11}.Release|Any CPU.ActiveCfg = Release|Any CPU
		{2A5E83A1-CEE7-4DFF-B91F-CC84881BBA11}.Release|Any CPU.Build.0 = Release|Any CPU
	EndGlobalSection
EndGlobal
