
Microsoft Visual Studio Solution File, Format Version 12.00
Project("{FAE04EC0-301F-11D3-BF4B-00C04F79EFBC}") = "Fantasy.App", "Fantasy.App\Fantasy.App.csproj", "{A33F0C04-BD73-4479-977A-C168E3BC2646}"
EndProject
Project("{FAE04EC0-301F-11D3-BF4B-00C04F79EFBC}") = "Fantasy.Hotfix", "Fantasy.Hotfix\Fantasy.Hotfix.csproj", "{6A48C992-7B37-4D02-9E35-65CD5284D859}"
EndProject
Project("{FAE04EC0-301F-11D3-BF4B-00C04F79EFBC}") = "Fantasy.Net", "..\..\Fantasy.Net\Fantasy\Fantasy.Net.csproj", "{13E064D6-5A3D-4AA7-A8B4-7EC101EF748C}"
EndProject
Global
	GlobalSection(SolutionConfigurationPlatforms) = preSolution
		Debug|Any CPU = Debug|Any CPU
		Release|Any CPU = Release|Any CPU
	EndGlobalSection
	GlobalSection(ProjectConfigurationPlatforms) = postSolution
		{A33F0C04-BD73-4479-977A-C168E3BC2646}.Debug|Any CPU.ActiveCfg = Debug|Any CPU
		{A33F0C04-BD73-4479-977A-C168E3BC2646}.Debug|Any CPU.Build.0 = Debug|Any CPU
		{A33F0C04-BD73-4479-977A-C168E3BC2646}.Release|Any CPU.ActiveCfg = Release|Any CPU
		{A33F0C04-BD73-4479-977A-C168E3BC2646}.Release|Any CPU.Build.0 = Release|Any CPU
		{6A48C992-7B37-4D02-9E35-65CD5284D859}.Debug|Any CPU.ActiveCfg = Debug|Any CPU
		{6A48C992-7B37-4D02-9E35-65CD5284D859}.Debug|Any CPU.Build.0 = Debug|Any CPU
		{6A48C992-7B37-4D02-9E35-65CD5284D859}.Release|Any CPU.ActiveCfg = Release|Any CPU
		{6A48C992-7B37-4D02-9E35-65CD5284D859}.Release|Any CPU.Build.0 = Release|Any CPU
		{13E064D6-5A3D-4AA7-A8B4-7EC101EF748C}.Debug|Any CPU.ActiveCfg = Debug|Any CPU
		{13E064D6-5A3D-4AA7-A8B4-7EC101EF748C}.Debug|Any CPU.Build.0 = Debug|Any CPU
		{13E064D6-5A3D-4AA7-A8B4-7EC101EF748C}.Release|Any CPU.ActiveCfg = Release|Any CPU
		{13E064D6-5A3D-4AA7-A8B4-7EC101EF748C}.Release|Any CPU.Build.0 = Release|Any CPU
	EndGlobalSection
	GlobalSection(NestedProjects) = preSolution
	EndGlobalSection
EndGlobal
