
Microsoft Visual Studio Solution File, Format Version 12.00
Project("{FAE04EC0-301F-11D3-BF4B-00C04F79EFBC}") = "Fantasy.App", "Fantasy.App\Fantasy.App.csproj", "{A33F0C04-BD73-4479-977A-C168E3BC2646}"
EndProject
Project("{FAE04EC0-301F-11D3-BF4B-00C04F79EFBC}") = "Fantasy.Model", "Fantasy.Model\Fantasy.Model.csproj", "{0ABBECAB-D541-4915-8A52-6DE77D88F10A}"
EndProject
Project("{FAE04EC0-301F-11D3-BF4B-00C04F79EFBC}") = "Fantasy.Hotfix", "Fantasy.Hotfix\Fantasy.Hotfix.csproj", "{6A48C992-7B37-4D02-9E35-65CD5284D859}"
EndProject
Project("{FAE04EC0-301F-11D3-BF4B-00C04F79EFBC}") = "Fantasy.Net", "..\..\Fantasy.Net\Fantasy.Net\Fantasy.Net.csproj", "{77105B1B-3AB8-488B-A351-793DB99BD002}"
EndProject
Global
	GlobalSection(SolutionConfigurationPlatforms) = preSolution
		Debug|Any CPU = Debug|Any CPU
		Release|Any CPU = Release|Any CPU
	EndGlobalSection
	GlobalSection(ProjectConfigurationPlatforms) = postSolution
		{A33F0C04-BD73-4479-977A-C168E3BC2646}.Debug|Any CPU.ActiveCfg = Debug|Any CPU
		{A33F0C04-BD73-4479-977A-C168E3BC2646}.Debug|Any CPU.Build.0 = Debug|Any CPU
		{A33F0C04-BD73-4479-977A-C168E3BC2646}.Release|Any CPU.ActiveCfg = Release|Any CPU
		{A33F0C04-BD73-4479-977A-C168E3BC2646}.Release|Any CPU.Build.0 = Release|Any CPU
		{0ABBECAB-D541-4915-8A52-6DE77D88F10A}.Debug|Any CPU.ActiveCfg = Debug|Any CPU
		{0ABBECAB-D541-4915-8A52-6DE77D88F10A}.Debug|Any CPU.Build.0 = Debug|Any CPU
		{0ABBECAB-D541-4915-8A52-6DE77D88F10A}.Release|Any CPU.ActiveCfg = Release|Any CPU
		{0ABBECAB-D541-4915-8A52-6DE77D88F10A}.Release|Any CPU.Build.0 = Release|Any CPU
		{6A48C992-7B37-4D02-9E35-65CD5284D859}.Debug|Any CPU.ActiveCfg = Debug|Any CPU
		{6A48C992-7B37-4D02-9E35-65CD5284D859}.Debug|Any CPU.Build.0 = Debug|Any CPU
		{6A48C992-7B37-4D02-9E35-65CD5284D859}.Release|Any CPU.ActiveCfg = Release|Any CPU
		{6A48C992-7B37-4D02-9E35-65CD5284D859}.Release|Any CPU.Build.0 = Release|Any CPU
		{77105B1B-3AB8-488B-A351-793DB99BD002}.Debug|Any CPU.ActiveCfg = Debug|Any CPU
		{77105B1B-3AB8-488B-A351-793DB99BD002}.Debug|Any CPU.Build.0 = Debug|Any CPU
		{77105B1B-3AB8-488B-A351-793DB99BD002}.Release|Any CPU.ActiveCfg = Release|Any CPU
		{77105B1B-3AB8-488B-A351-793DB99BD002}.Release|Any CPU.Build.0 = Release|Any CPU
	EndGlobalSection
EndGlobal
