
Microsoft Visual Studio Solution File, Format Version 12.00
# Visual Studio Version 17
VisualStudioVersion = 17.0.31903.59
MinimumVisualStudioVersion = 10.0.40219.1
Project("{2150E333-8FDC-42A3-9474-1A3956D46DE8}") = "Server", "Server", "{B2FE9B98-F2AD-4667-83DE-FE4872938BD8}"
EndProject
Project("{FAE04EC0-301F-11D3-BF4B-00C04F79EFBC}") = "App", "Server\App\App.csproj", "{C98432BB-0854-4CD1-8C09-65B1AD07C75E}"
EndProject
Project("{FAE04EC0-301F-11D3-BF4B-00C04F79EFBC}") = "Hotfix", "Server\Hotfix\Hotfix.csproj", "{C9197DA5-A494-49E0-B472-80FFABB9443C}"
EndProject
Project("{2150E333-8FDC-42A3-9474-1A3956D46DE8}") = "Plugins", "Plugins", "{747E21E2-F301-435A-9F5F-DCFB766EA94E}"
EndProject
Project("{FAE04EC0-301F-11D3-BF4B-00C04F79EFBC}") = "UnityEngine", "Server\Plugins\UnityEngine\UnityEngine.csproj", "{146ACDC9-A55B-43C2-B56F-6DDAE6BA5C71}"
EndProject
Project("{FAE04EC0-301F-11D3-BF4B-00C04F79EFBC}") = "Fantasy.Net", "..\..\Fantasy.Net\Fantasy.Net.csproj", "{CF9DC75E-3AD8-4DC1-8CE5-151419580DAF}"
EndProject
Project("{FAE04EC0-301F-11D3-BF4B-00C04F79EFBC}") = "BestGame", "Unity\BestGame.csproj", "{B9CF6784-1B36-4B34-AC32-F5678F8AC5F7}"
EndProject
Global
	GlobalSection(SolutionConfigurationPlatforms) = preSolution
		Debug|Any CPU = Debug|Any CPU
		Release|Any CPU = Release|Any CPU
	EndGlobalSection
	GlobalSection(SolutionProperties) = preSolution
		HideSolutionNode = FALSE
	EndGlobalSection
	GlobalSection(ProjectConfigurationPlatforms) = postSolution
		{C98432BB-0854-4CD1-8C09-65B1AD07C75E}.Debug|Any CPU.ActiveCfg = Debug|Any CPU
		{C98432BB-0854-4CD1-8C09-65B1AD07C75E}.Debug|Any CPU.Build.0 = Debug|Any CPU
		{C98432BB-0854-4CD1-8C09-65B1AD07C75E}.Release|Any CPU.ActiveCfg = Release|Any CPU
		{C98432BB-0854-4CD1-8C09-65B1AD07C75E}.Release|Any CPU.Build.0 = Release|Any CPU
		{C9197DA5-A494-49E0-B472-80FFABB9443C}.Debug|Any CPU.ActiveCfg = Debug|Any CPU
		{C9197DA5-A494-49E0-B472-80FFABB9443C}.Debug|Any CPU.Build.0 = Debug|Any CPU
		{C9197DA5-A494-49E0-B472-80FFABB9443C}.Release|Any CPU.ActiveCfg = Release|Any CPU
		{C9197DA5-A494-49E0-B472-80FFABB9443C}.Release|Any CPU.Build.0 = Release|Any CPU
		{146ACDC9-A55B-43C2-B56F-6DDAE6BA5C71}.Debug|Any CPU.ActiveCfg = Debug|Any CPU
		{146ACDC9-A55B-43C2-B56F-6DDAE6BA5C71}.Debug|Any CPU.Build.0 = Debug|Any CPU
		{146ACDC9-A55B-43C2-B56F-6DDAE6BA5C71}.Release|Any CPU.ActiveCfg = Release|Any CPU
		{146ACDC9-A55B-43C2-B56F-6DDAE6BA5C71}.Release|Any CPU.Build.0 = Release|Any CPU
		{CF9DC75E-3AD8-4DC1-8CE5-151419580DAF}.Debug|Any CPU.ActiveCfg = Debug|Any CPU
		{CF9DC75E-3AD8-4DC1-8CE5-151419580DAF}.Debug|Any CPU.Build.0 = Debug|Any CPU
		{CF9DC75E-3AD8-4DC1-8CE5-151419580DAF}.Release|Any CPU.ActiveCfg = Release|Any CPU
		{CF9DC75E-3AD8-4DC1-8CE5-151419580DAF}.Release|Any CPU.Build.0 = Release|Any CPU
		{513F5CB5-D8E5-45E7-A602-ECE4A5C03AA9}.Debug|Any CPU.ActiveCfg = Debug|Any CPU
		{513F5CB5-D8E5-45E7-A602-ECE4A5C03AA9}.Debug|Any CPU.Build.0 = Debug|Any CPU
		{513F5CB5-D8E5-45E7-A602-ECE4A5C03AA9}.Release|Any CPU.ActiveCfg = Release|Any CPU
		{513F5CB5-D8E5-45E7-A602-ECE4A5C03AA9}.Release|Any CPU.Build.0 = Release|Any CPU
		{F3E3F33B-F1B8-495D-8D2E-05F204048E75}.Debug|Any CPU.ActiveCfg = Debug|Any CPU
		{F3E3F33B-F1B8-495D-8D2E-05F204048E75}.Debug|Any CPU.Build.0 = Debug|Any CPU
		{F3E3F33B-F1B8-495D-8D2E-05F204048E75}.Release|Any CPU.ActiveCfg = Release|Any CPU
		{F3E3F33B-F1B8-495D-8D2E-05F204048E75}.Release|Any CPU.Build.0 = Release|Any CPU
		{B9CF6784-1B36-4B34-AC32-F5678F8AC5F7}.Debug|Any CPU.ActiveCfg = Debug|Any CPU
		{B9CF6784-1B36-4B34-AC32-F5678F8AC5F7}.Debug|Any CPU.Build.0 = Debug|Any CPU
		{B9CF6784-1B36-4B34-AC32-F5678F8AC5F7}.Release|Any CPU.ActiveCfg = Release|Any CPU
		{B9CF6784-1B36-4B34-AC32-F5678F8AC5F7}.Release|Any CPU.Build.0 = Release|Any CPU
	EndGlobalSection
	GlobalSection(NestedProjects) = preSolution
		{C98432BB-0854-4CD1-8C09-65B1AD07C75E} = {B2FE9B98-F2AD-4667-83DE-FE4872938BD8}
		{C9197DA5-A494-49E0-B472-80FFABB9443C} = {B2FE9B98-F2AD-4667-83DE-FE4872938BD8}
		{747E21E2-F301-435A-9F5F-DCFB766EA94E} = {B2FE9B98-F2AD-4667-83DE-FE4872938BD8}
		{146ACDC9-A55B-43C2-B56F-6DDAE6BA5C71} = {747E21E2-F301-435A-9F5F-DCFB766EA94E}
	EndGlobalSection
EndGlobal
