
Microsoft Visual Studio Solution File, Format Version 12.00
Project("{FAE04EC0-301F-11D3-BF4B-00C04F79EFBC}") = "Fantasy.ConfigTable", "Fantasy.ConfigTable\Fantasy.ConfigTable.csproj", "{0674F272-0D4B-4DA5-86F2-14B0730EE29D}"
EndProject
Global
	GlobalSection(SolutionConfigurationPlatforms) = preSolution
		Debug|Any CPU = Debug|Any CPU
		Release|Any CPU = Release|Any CPU
	EndGlobalSection
	GlobalSection(ProjectConfigurationPlatforms) = postSolution
		{0674F272-0D4B-4DA5-86F2-14B0730EE29D}.Debug|Any CPU.ActiveCfg = Debug|Any CPU
		{0674F272-0D4B-4DA5-86F2-14B0730EE29D}.Debug|Any CPU.Build.0 = Debug|Any CPU
		{0674F272-0D4B-4DA5-86F2-14B0730EE29D}.Release|Any CPU.ActiveCfg = Release|Any CPU
		{0674F272-0D4B-4DA5-86F2-14B0730EE29D}.Release|Any CPU.Build.0 = Release|Any CPU
	EndGlobalSection
EndGlobal
