
Microsoft Visual Studio Solution File, Format Version 12.00
Project("{FAE04EC0-301F-11D3-BF4B-00C04F79EFBC}") = "Fantasy.Net", "..\..\Fantasy.Packages\Fantasy.Net\Fantasy.Net.csproj", "{7BDEBABB-8630-4B61-8AF4-75DD969F29E6}"
EndProject
Project("{FAE04EC0-301F-11D3-BF4B-00C04F79EFBC}") = "Main", "APP\Main\Main.csproj", "{FE0784FD-8ACB-42FB-82EC-81A1335C85CF}"
EndProject
Project("{FAE04EC0-301F-11D3-BF4B-00C04F79EFBC}") = "Entity", "APP\Entity\Entity.csproj", "{85943714-1018-4E7D-9476-25CD66ACB0F0}"
EndProject
Project("{FAE04EC0-301F-11D3-BF4B-00C04F79EFBC}") = "Hotfix", "APP\Hotfix\Hotfix.csproj", "{B2740AB3-250F-44E2-B61D-8F3C4D9B4BEB}"
EndProject
Project("{FAE04EC0-301F-11D3-BF4B-00C04F79EFBC}") = "Fantasy.SourceGenerator", "..\..\Fantasy.Packages\Fantasy.SourceGenerator\Fantasy.SourceGenerator.csproj", "{7CFD56D0-D2EC-4874-8C2B-8516E9428C55}"
EndProject
Project("{2150E333-8FDC-42A3-9474-1A3956D46DE8}") = "APP", "APP", "{369AB20C-6B64-41C6-8CF7-CE9EC230C293}"
EndProject
Project("{2150E333-8FDC-42A3-9474-1A3956D46DE8}") = "Fantasy", "Fantasy", "{43E15F69-B196-45A9-8264-4B395C4685D5}"
EndProject
Project("{2150E333-8FDC-42A3-9474-1A3956D46DE8}") = "ThirdParty", "ThirdParty", "{614F56EF-4796-4C67-951B-4B21C22FAD5A}"
EndProject
Project("{2150E333-8FDC-42A3-9474-1A3956D46DE8}") = "DotRecast", "DotRecast", "{A469FEB1-761D-4DB6-958E-0A1AC626C919}"
EndProject
Project("{FAE04EC0-301F-11D3-BF4B-00C04F79EFBC}") = "DotRecast.Core", "ThirdParty\DotRecast\DotRecast.Core\DotRecast.Core.csproj", "{02F085CD-9B51-4422-8030-7187C9E920E6}"
EndProject
Project("{FAE04EC0-301F-11D3-BF4B-00C04F79EFBC}") = "DotRecast.Detour", "ThirdParty\DotRecast\DotRecast.Detour\DotRecast.Detour.csproj", "{C1CA12C0-5AAD-4C3A-B6C2-8503549671E1}"
EndProject
Project("{FAE04EC0-301F-11D3-BF4B-00C04F79EFBC}") = "DotRecast.Detour.Crowd", "ThirdParty\DotRecast\DotRecast.Detour.Crowd\DotRecast.Detour.Crowd.csproj", "{FA0977EA-E33E-41A7-8262-26D6757C1F1A}"
EndProject
Project("{FAE04EC0-301F-11D3-BF4B-00C04F79EFBC}") = "DotRecast.Detour.Dynamic", "ThirdParty\DotRecast\DotRecast.Detour.Dynamic\DotRecast.Detour.Dynamic.csproj", "{30C2CF7E-7018-4356-B5C7-B98829FF9943}"
EndProject
Project("{FAE04EC0-301F-11D3-BF4B-00C04F79EFBC}") = "DotRecast.Detour.Extras", "ThirdParty\DotRecast\DotRecast.Detour.Extras\DotRecast.Detour.Extras.csproj", "{1DEB5381-C47B-485C-AF24-F9A062B9286C}"
EndProject
Project("{FAE04EC0-301F-11D3-BF4B-00C04F79EFBC}") = "DotRecast.Detour.TileCache", "ThirdParty\DotRecast\DotRecast.Detour.TileCache\DotRecast.Detour.TileCache.csproj", "{B06FD24A-6234-4075-A5EA-FB5CE0554566}"
EndProject
Project("{FAE04EC0-301F-11D3-BF4B-00C04F79EFBC}") = "DotRecast.Recast", "ThirdParty\DotRecast\DotRecast.Recast\DotRecast.Recast.csproj", "{621620E0-D6FC-4A33-8906-28F4158E863C}"
EndProject
Global
	GlobalSection(SolutionConfigurationPlatforms) = preSolution
		Debug|Any CPU = Debug|Any CPU
		Release|Any CPU = Release|Any CPU
	EndGlobalSection
	GlobalSection(ProjectConfigurationPlatforms) = postSolution
		{7BDEBABB-8630-4B61-8AF4-75DD969F29E6}.Debug|Any CPU.ActiveCfg = Debug|Any CPU
		{7BDEBABB-8630-4B61-8AF4-75DD969F29E6}.Debug|Any CPU.Build.0 = Debug|Any CPU
		{7BDEBABB-8630-4B61-8AF4-75DD969F29E6}.Release|Any CPU.ActiveCfg = Release|Any CPU
		{7BDEBABB-8630-4B61-8AF4-75DD969F29E6}.Release|Any CPU.Build.0 = Release|Any CPU
		{FE0784FD-8ACB-42FB-82EC-81A1335C85CF}.Debug|Any CPU.ActiveCfg = Debug|Any CPU
		{FE0784FD-8ACB-42FB-82EC-81A1335C85CF}.Debug|Any CPU.Build.0 = Debug|Any CPU
		{FE0784FD-8ACB-42FB-82EC-81A1335C85CF}.Release|Any CPU.ActiveCfg = Release|Any CPU
		{FE0784FD-8ACB-42FB-82EC-81A1335C85CF}.Release|Any CPU.Build.0 = Release|Any CPU
		{85943714-1018-4E7D-9476-25CD66ACB0F0}.Debug|Any CPU.ActiveCfg = Debug|Any CPU
		{85943714-1018-4E7D-9476-25CD66ACB0F0}.Debug|Any CPU.Build.0 = Debug|Any CPU
		{85943714-1018-4E7D-9476-25CD66ACB0F0}.Release|Any CPU.ActiveCfg = Release|Any CPU
		{85943714-1018-4E7D-9476-25CD66ACB0F0}.Release|Any CPU.Build.0 = Release|Any CPU
		{B2740AB3-250F-44E2-B61D-8F3C4D9B4BEB}.Debug|Any CPU.ActiveCfg = Debug|Any CPU
		{B2740AB3-250F-44E2-B61D-8F3C4D9B4BEB}.Debug|Any CPU.Build.0 = Debug|Any CPU
		{B2740AB3-250F-44E2-B61D-8F3C4D9B4BEB}.Release|Any CPU.ActiveCfg = Release|Any CPU
		{B2740AB3-250F-44E2-B61D-8F3C4D9B4BEB}.Release|Any CPU.Build.0 = Release|Any CPU
		{7CFD56D0-D2EC-4874-8C2B-8516E9428C55}.Debug|Any CPU.ActiveCfg = Debug|Any CPU
		{7CFD56D0-D2EC-4874-8C2B-8516E9428C55}.Debug|Any CPU.Build.0 = Debug|Any CPU
		{7CFD56D0-D2EC-4874-8C2B-8516E9428C55}.Release|Any CPU.ActiveCfg = Release|Any CPU
		{7CFD56D0-D2EC-4874-8C2B-8516E9428C55}.Release|Any CPU.Build.0 = Release|Any CPU
		{02F085CD-9B51-4422-8030-7187C9E920E6}.Debug|Any CPU.ActiveCfg = Debug|Any CPU
		{02F085CD-9B51-4422-8030-7187C9E920E6}.Debug|Any CPU.Build.0 = Debug|Any CPU
		{02F085CD-9B51-4422-8030-7187C9E920E6}.Release|Any CPU.ActiveCfg = Release|Any CPU
		{02F085CD-9B51-4422-8030-7187C9E920E6}.Release|Any CPU.Build.0 = Release|Any CPU
		{C1CA12C0-5AAD-4C3A-B6C2-8503549671E1}.Debug|Any CPU.ActiveCfg = Debug|Any CPU
		{C1CA12C0-5AAD-4C3A-B6C2-8503549671E1}.Debug|Any CPU.Build.0 = Debug|Any CPU
		{C1CA12C0-5AAD-4C3A-B6C2-8503549671E1}.Release|Any CPU.ActiveCfg = Release|Any CPU
		{C1CA12C0-5AAD-4C3A-B6C2-8503549671E1}.Release|Any CPU.Build.0 = Release|Any CPU
		{FA0977EA-E33E-41A7-8262-26D6757C1F1A}.Debug|Any CPU.ActiveCfg = Debug|Any CPU
		{FA0977EA-E33E-41A7-8262-26D6757C1F1A}.Debug|Any CPU.Build.0 = Debug|Any CPU
		{FA0977EA-E33E-41A7-8262-26D6757C1F1A}.Release|Any CPU.ActiveCfg = Release|Any CPU
		{FA0977EA-E33E-41A7-8262-26D6757C1F1A}.Release|Any CPU.Build.0 = Release|Any CPU
		{30C2CF7E-7018-4356-B5C7-B98829FF9943}.Debug|Any CPU.ActiveCfg = Debug|Any CPU
		{30C2CF7E-7018-4356-B5C7-B98829FF9943}.Debug|Any CPU.Build.0 = Debug|Any CPU
		{30C2CF7E-7018-4356-B5C7-B98829FF9943}.Release|Any CPU.ActiveCfg = Release|Any CPU
		{30C2CF7E-7018-4356-B5C7-B98829FF9943}.Release|Any CPU.Build.0 = Release|Any CPU
		{1DEB5381-C47B-485C-AF24-F9A062B9286C}.Debug|Any CPU.ActiveCfg = Debug|Any CPU
		{1DEB5381-C47B-485C-AF24-F9A062B9286C}.Debug|Any CPU.Build.0 = Debug|Any CPU
		{1DEB5381-C47B-485C-AF24-F9A062B9286C}.Release|Any CPU.ActiveCfg = Release|Any CPU
		{1DEB5381-C47B-485C-AF24-F9A062B9286C}.Release|Any CPU.Build.0 = Release|Any CPU
		{B06FD24A-6234-4075-A5EA-FB5CE0554566}.Debug|Any CPU.ActiveCfg = Debug|Any CPU
		{B06FD24A-6234-4075-A5EA-FB5CE0554566}.Debug|Any CPU.Build.0 = Debug|Any CPU
		{B06FD24A-6234-4075-A5EA-FB5CE0554566}.Release|Any CPU.ActiveCfg = Release|Any CPU
		{B06FD24A-6234-4075-A5EA-FB5CE0554566}.Release|Any CPU.Build.0 = Release|Any CPU
		{621620E0-D6FC-4A33-8906-28F4158E863C}.Debug|Any CPU.ActiveCfg = Debug|Any CPU
		{621620E0-D6FC-4A33-8906-28F4158E863C}.Debug|Any CPU.Build.0 = Debug|Any CPU
		{621620E0-D6FC-4A33-8906-28F4158E863C}.Release|Any CPU.ActiveCfg = Release|Any CPU
		{621620E0-D6FC-4A33-8906-28F4158E863C}.Release|Any CPU.Build.0 = Release|Any CPU
	EndGlobalSection
	GlobalSection(NestedProjects) = preSolution
		{85943714-1018-4E7D-9476-25CD66ACB0F0} = {369AB20C-6B64-41C6-8CF7-CE9EC230C293}
		{B2740AB3-250F-44E2-B61D-8F3C4D9B4BEB} = {369AB20C-6B64-41C6-8CF7-CE9EC230C293}
		{FE0784FD-8ACB-42FB-82EC-81A1335C85CF} = {369AB20C-6B64-41C6-8CF7-CE9EC230C293}
		{7BDEBABB-8630-4B61-8AF4-75DD969F29E6} = {43E15F69-B196-45A9-8264-4B395C4685D5}
		{7CFD56D0-D2EC-4874-8C2B-8516E9428C55} = {43E15F69-B196-45A9-8264-4B395C4685D5}
		{A469FEB1-761D-4DB6-958E-0A1AC626C919} = {614F56EF-4796-4C67-951B-4B21C22FAD5A}
		{02F085CD-9B51-4422-8030-7187C9E920E6} = {A469FEB1-761D-4DB6-958E-0A1AC626C919}
		{C1CA12C0-5AAD-4C3A-B6C2-8503549671E1} = {A469FEB1-761D-4DB6-958E-0A1AC626C919}
		{FA0977EA-E33E-41A7-8262-26D6757C1F1A} = {A469FEB1-761D-4DB6-958E-0A1AC626C919}
		{30C2CF7E-7018-4356-B5C7-B98829FF9943} = {A469FEB1-761D-4DB6-958E-0A1AC626C919}
		{1DEB5381-C47B-485C-AF24-F9A062B9286C} = {A469FEB1-761D-4DB6-958E-0A1AC626C919}
		{B06FD24A-6234-4075-A5EA-FB5CE0554566} = {A469FEB1-761D-4DB6-958E-0A1AC626C919}
		{621620E0-D6FC-4A33-8906-28F4158E863C} = {A469FEB1-761D-4DB6-958E-0A1AC626C919}
	EndGlobalSection
EndGlobal
