
Microsoft Visual Studio Solution File, Format Version 11.00
# Visual Studio 2010
Project("{FAE04EC0-301F-11D3-BF4B-00C04F79EFBC}") = "Fantasy.Unity", "Fantasy.Unity.csproj", "{d85fa58b-aca9-8bf0-e827-074457206988}"
EndProject
Project("{FAE04EC0-301F-11D3-BF4B-00C04F79EFBC}") = "Fantasy.Editor", "Fantasy.Editor.csproj", "{f09e7d37-0f11-85f5-9f5a-ea60c1261f78}"
EndProject
Project("{FAE04EC0-301F-11D3-BF4B-00C04F79EFBC}") = "Assembly-CSharp", "Assembly-CSharp.csproj", "{03938ccd-4b40-8dfb-6b9b-21988d5cac0a}"
EndProject
Global
	GlobalSection(SolutionConfigurationPlatforms) = preSolution
		Debug|Any CPU = Debug|Any CPU
	EndGlobalSection
	GlobalSection(ProjectConfigurationPlatforms) = postSolution
		{d85fa58b-aca9-8bf0-e827-074457206988}.Debug|Any CPU.ActiveCfg = Debug|Any CPU
		{d85fa58b-aca9-8bf0-e827-074457206988}.Debug|Any CPU.Build.0 = Debug|Any CPU
		{f09e7d37-0f11-85f5-9f5a-ea60c1261f78}.Debug|Any CPU.ActiveCfg = Debug|Any CPU
		{f09e7d37-0f11-85f5-9f5a-ea60c1261f78}.Debug|Any CPU.Build.0 = Debug|Any CPU
		{03938ccd-4b40-8dfb-6b9b-21988d5cac0a}.Debug|Any CPU.ActiveCfg = Debug|Any CPU
		{03938ccd-4b40-8dfb-6b9b-21988d5cac0a}.Debug|Any CPU.Build.0 = Debug|Any CPU
	EndGlobalSection
	GlobalSection(SolutionProperties) = preSolution
		HideSolutionNode = FALSE
	EndGlobalSection
EndGlobal
