
Microsoft Visual Studio Solution File, Format Version 12.00
# Visual Studio Version 17
VisualStudioVersion = 17.5.002.0
MinimumVisualStudioVersion = 10.0.40219.1
Project("{9A19103F-16F7-4668-BE54-9A1E7A4F7556}") = "Fantasy.Trianer", "Fantasy.Trianer.csproj", "{BF5C06CF-4BBD-4EAF-9FB1-B8B65E447E8B}"
EndProject
Global
	GlobalSection(SolutionConfigurationPlatforms) = preSolution
		Debug|Any CPU = Debug|Any CPU
		Release|Any CPU = Release|Any CPU
	EndGlobalSection
	GlobalSection(ProjectConfigurationPlatforms) = postSolution
		{BF5C06CF-4BBD-4EAF-9FB1-B8B65E447E8B}.Debug|Any CPU.ActiveCfg = Debug|Any CPU
		{BF5C06CF-4BBD-4EAF-9FB1-B8B65E447E8B}.Debug|Any CPU.Build.0 = Debug|Any CPU
		{BF5C06CF-4BBD-4EAF-9FB1-B8B65E447E8B}.Release|Any CPU.ActiveCfg = Release|Any CPU
		{BF5C06CF-4BBD-4EAF-9FB1-B8B65E447E8B}.Release|Any CPU.Build.0 = Release|Any CPU
	EndGlobalSection
	GlobalSection(SolutionProperties) = preSolution
		HideSolutionNode = FALSE
	EndGlobalSection
	GlobalSection(ExtensibilityGlobals) = postSolution
		SolutionGuid = {B8227E3E-3FFB-4AA7-B896-8E53283CB0AA}
	EndGlobalSection
EndGlobal
