
Microsoft Visual Studio Solution File, Format Version 12.00
Project("{FAE04EC0-301F-11D3-BF4B-00C04F79EFBC}") = "Fantasy.Net", "Fantasy.Net\Fantasy.Net.csproj", "{636FBF87-A6D2-4A31-86FF-F4157F558C95}"
EndProject
Global
	GlobalSection(SolutionConfigurationPlatforms) = preSolution
		Debug|Any CPU = Debug|Any CPU
		Release|Any CPU = Release|Any CPU
	EndGlobalSection
	GlobalSection(ProjectConfigurationPlatforms) = postSolution
		{636FBF87-A6D2-4A31-86FF-F4157F558C95}.Debug|Any CPU.ActiveCfg = Debug|Any CPU
		{636FBF87-A6D2-4A31-86FF-F4157F558C95}.Debug|Any CPU.Build.0 = Debug|Any CPU
		{636FBF87-A6D2-4A31-86FF-F4157F558C95}.Release|Any CPU.ActiveCfg = Release|Any CPU
		{636FBF87-A6D2-4A31-86FF-F4157F558C95}.Release|Any CPU.Build.0 = Release|Any CPU
	EndGlobalSection
EndGlobal
