
Microsoft Visual Studio Solution File, Format Version 12.00
# Visual Studio Version 17
VisualStudioVersion = 17.5.002.0
MinimumVisualStudioVersion = 10.0.40219.1
Project("{9A19103F-16F7-4668-BE54-9A1E7A4F7556}") = "Fantasy.Net", "Fantasy.Net.csproj", "{DF8CE029-872E-4B24-A1C0-88504195A422}"
EndProject
Global
	GlobalSection(SolutionConfigurationPlatforms) = preSolution
		Debug|Any CPU = Debug|Any CPU
		Release|Any CPU = Release|Any CPU
	EndGlobalSection
	GlobalSection(ProjectConfigurationPlatforms) = postSolution
		{DF8CE029-872E-4B24-A1C0-88504195A422}.Debug|Any CPU.ActiveCfg = Debug|Any CPU
		{DF8CE029-872E-4B24-A1C0-88504195A422}.Debug|Any CPU.Build.0 = Debug|Any CPU
		{DF8CE029-872E-4B24-A1C0-88504195A422}.Release|Any CPU.ActiveCfg = Release|Any CPU
		{DF8CE029-872E-4B24-A1C0-88504195A422}.Release|Any CPU.Build.0 = Release|Any CPU
	EndGlobalSection
	GlobalSection(SolutionProperties) = preSolution
		HideSolutionNode = FALSE
	EndGlobalSection
	GlobalSection(ExtensibilityGlobals) = postSolution
		SolutionGuid = {0141268A-3FCF-45B7-A4E5-638BA5C7448D}
	EndGlobalSection
EndGlobal
