
Microsoft Visual Studio Solution File, Format Version 12.00
Project("{FAE04EC0-301F-11D3-BF4B-00C04F79EFBC}") = "CodeFormatter", "CodeFormatter\CodeFormatter.csproj", "{273BE255-38A6-4EF3-98EE-682FD83D4B5F}"
EndProject
Global
	GlobalSection(SolutionConfigurationPlatforms) = preSolution
		Debug|Any CPU = Debug|Any CPU
		Release|Any CPU = Release|Any CPU
	EndGlobalSection
	GlobalSection(ProjectConfigurationPlatforms) = postSolution
		{273BE255-38A6-4EF3-98EE-682FD83D4B5F}.Debug|Any CPU.ActiveCfg = Debug|Any CPU
		{273BE255-38A6-4EF3-98EE-682FD83D4B5F}.Debug|Any CPU.Build.0 = Debug|Any CPU
		{273BE255-38A6-4EF3-98EE-682FD83D4B5F}.Release|Any CPU.ActiveCfg = Release|Any CPU
		{273BE255-38A6-4EF3-98EE-682FD83D4B5F}.Release|Any CPU.Build.0 = Release|Any CPU
	EndGlobalSection
EndGlobal
